
Microsoft Visual Studio Solution File, Format Version 12.00
# Visual Studio Version 17
VisualStudioVersion = 17.7.34221.43
MinimumVisualStudioVersion = 10.0.40219.1
Project("{FAE04EC0-301F-11D3-BF4B-00C04F79EFBC}") = "LabaWS12", "LabaWS12\LabaWS12.csproj", "{DA2BAC6D-B192-41ED-B643-587EE09560BC}"
EndProject
Global
	GlobalSection(SolutionConfigurationPlatforms) = preSolution
		Debug|Any CPU = Debug|Any CPU
		Release|Any CPU = Release|Any CPU
	EndGlobalSection
	GlobalSection(ProjectConfigurationPlatforms) = postSolution
		{DA2BAC6D-B192-41ED-B643-587EE09560BC}.Debug|Any CPU.ActiveCfg = Debug|Any CPU
		{DA2BAC6D-B192-41ED-B643-587EE09560BC}.Debug|Any CPU.Build.0 = Debug|Any CPU
		{DA2BAC6D-B192-41ED-B643-587EE09560BC}.Release|Any CPU.ActiveCfg = Release|Any CPU
		{DA2BAC6D-B192-41ED-B643-587EE09560BC}.Release|Any CPU.Build.0 = Release|Any CPU
	EndGlobalSection
	GlobalSection(SolutionProperties) = preSolution
		HideSolutionNode = FALSE
	EndGlobalSection
	GlobalSection(ExtensibilityGlobals) = postSolution
		SolutionGuid = {61BF5FE8-4DC8-4BDA-A5DF-4FCD8DB3A681}
	EndGlobalSection
EndGlobal
